
Microsoft Visual Studio Solution File, Format Version 12.00
# Visual Studio Version 17
VisualStudioVersion = 17.4.33205.214
MinimumVisualStudioVersion = 10.0.40219.1
Project("{FAE04EC0-301F-11D3-BF4B-00C04F79EFBC}") = "GameLibrary", "GameLibrary\GameLibrary.csproj", "{D8B9EE5D-C59B-4858-9F08-B4151933E94E}"
EndProject
Global
	GlobalSection(SolutionConfigurationPlatforms) = preSolution
		Debug|Any CPU = Debug|Any CPU
		Release|Any CPU = Release|Any CPU
	EndGlobalSection
	GlobalSection(ProjectConfigurationPlatforms) = postSolution
		{D8B9EE5D-C59B-4858-9F08-B4151933E94E}.Debug|Any CPU.ActiveCfg = Debug|Any CPU
		{D8B9EE5D-C59B-4858-9F08-B4151933E94E}.Debug|Any CPU.Build.0 = Debug|Any CPU
		{D8B9EE5D-C59B-4858-9F08-B4151933E94E}.Release|Any CPU.ActiveCfg = Release|Any CPU
		{D8B9EE5D-C59B-4858-9F08-B4151933E94E}.Release|Any CPU.Build.0 = Release|Any CPU
	EndGlobalSection
	GlobalSection(SolutionProperties) = preSolution
		HideSolutionNode = FALSE
	EndGlobalSection
	GlobalSection(ExtensibilityGlobals) = postSolution
		SolutionGuid = {7C083C60-B289-4ACB-AC3E-99A7B1D5AC67}
	EndGlobalSection
EndGlobal
